
Microsoft Visual Studio Solution File, Format Version 12.00
# Visual Studio Version 17
VisualStudioVersion = 17.9.34622.214
MinimumVisualStudioVersion = 10.0.40219.1
Project("{8BC9CEB8-8B4A-11D0-8D11-00A0C91BC942}") = "PaintingTheBarn", "PaintingTheBarn.vcxproj", "{DD3EF672-F102-41D6-9EF5-C511052E755D}"
EndProject
Global
	GlobalSection(SolutionConfigurationPlatforms) = preSolution
		Debug|x64 = Debug|x64
		Debug|x86 = Debug|x86
		Release|x64 = Release|x64
		Release|x86 = Release|x86
	EndGlobalSection
	GlobalSection(ProjectConfigurationPlatforms) = postSolution
		{DD3EF672-F102-41D6-9EF5-C511052E755D}.Debug|x64.ActiveCfg = Debug|x64
		{DD3EF672-F102-41D6-9EF5-C511052E755D}.Debug|x64.Build.0 = Debug|x64
		{DD3EF672-F102-41D6-9EF5-C511052E755D}.Debug|x86.ActiveCfg = Debug|Win32
		{DD3EF672-F102-41D6-9EF5-C511052E755D}.Debug|x86.Build.0 = Debug|Win32
		{DD3EF672-F102-41D6-9EF5-C511052E755D}.Release|x64.ActiveCfg = Release|x64
		{DD3EF672-F102-41D6-9EF5-C511052E755D}.Release|x64.Build.0 = Release|x64
		{DD3EF672-F102-41D6-9EF5-C511052E755D}.Release|x86.ActiveCfg = Release|Win32
		{DD3EF672-F102-41D6-9EF5-C511052E755D}.Release|x86.Build.0 = Release|Win32
	EndGlobalSection
	GlobalSection(SolutionProperties) = preSolution
		HideSolutionNode = FALSE
	EndGlobalSection
	GlobalSection(ExtensibilityGlobals) = postSolution
		SolutionGuid = {BCCADDA8-F23C-47C0-8D08-133FF145A85A}
	EndGlobalSection
EndGlobal
